
Microsoft Visual Studio Solution File, Format Version 12.00
# Visual Studio Version 17
VisualStudioVersion = 17.11.35303.130
MinimumVisualStudioVersion = 10.0.40219.1
Project("{FAE04EC0-301F-11D3-BF4B-00C04F79EFBC}") = "CarRentalConsole", "CarRentalConsole\CarRentalConsole.csproj", "{97D884F9-E390-4714-9170-C0098BF31D0B}"
EndProject
Global
	GlobalSection(SolutionConfigurationPlatforms) = preSolution
		Debug|Any CPU = Debug|Any CPU
		Release|Any CPU = Release|Any CPU
	EndGlobalSection
	GlobalSection(ProjectConfigurationPlatforms) = postSolution
		{97D884F9-E390-4714-9170-C0098BF31D0B}.Debug|Any CPU.ActiveCfg = Debug|Any CPU
		{97D884F9-E390-4714-9170-C0098BF31D0B}.Debug|Any CPU.Build.0 = Debug|Any CPU
		{97D884F9-E390-4714-9170-C0098BF31D0B}.Release|Any CPU.ActiveCfg = Release|Any CPU
		{97D884F9-E390-4714-9170-C0098BF31D0B}.Release|Any CPU.Build.0 = Release|Any CPU
	EndGlobalSection
	GlobalSection(SolutionProperties) = preSolution
		HideSolutionNode = FALSE
	EndGlobalSection
	GlobalSection(ExtensibilityGlobals) = postSolution
		SolutionGuid = {92D74692-5146-40AF-BDF9-9CB391B5B172}
	EndGlobalSection
EndGlobal
